
Microsoft Visual Studio Solution File, Format Version 12.00
# Visual Studio 2012
Project("{FAE04EC0-301F-11D3-BF4B-00C04F79EFBC}") = "DotVoter", "DotVoter\DotVoter.csproj", "{C7CA74CA-9E11-4337-BE27-0DEF731C20EF}"
EndProject
Project("{FAE04EC0-301F-11D3-BF4B-00C04F79EFBC}") = "DotVoterTests", "DotVoterTests\DotVoterTests.csproj", "{51D8716F-824C-43B0-A8C0-B161F1A5F87F}"
EndProject
Global
	GlobalSection(SolutionConfigurationPlatforms) = preSolution
		Debug|Any CPU = Debug|Any CPU
		Release|Any CPU = Release|Any CPU
	EndGlobalSection
	GlobalSection(ProjectConfigurationPlatforms) = postSolution
		{C7CA74CA-9E11-4337-BE27-0DEF731C20EF}.Debug|Any CPU.ActiveCfg = Debug|Any CPU
		{C7CA74CA-9E11-4337-BE27-0DEF731C20EF}.Debug|Any CPU.Build.0 = Debug|Any CPU
		{C7CA74CA-9E11-4337-BE27-0DEF731C20EF}.Release|Any CPU.ActiveCfg = Release|Any CPU
		{C7CA74CA-9E11-4337-BE27-0DEF731C20EF}.Release|Any CPU.Build.0 = Release|Any CPU
		{51D8716F-824C-43B0-A8C0-B161F1A5F87F}.Debug|Any CPU.ActiveCfg = Debug|Any CPU
		{51D8716F-824C-43B0-A8C0-B161F1A5F87F}.Debug|Any CPU.Build.0 = Debug|Any CPU
		{51D8716F-824C-43B0-A8C0-B161F1A5F87F}.Release|Any CPU.ActiveCfg = Release|Any CPU
		{51D8716F-824C-43B0-A8C0-B161F1A5F87F}.Release|Any CPU.Build.0 = Release|Any CPU
	EndGlobalSection
	GlobalSection(SolutionProperties) = preSolution
		HideSolutionNode = FALSE
	EndGlobalSection
EndGlobal
